
Microsoft Visual Studio Solution File, Format Version 12.00
# Visual Studio Version 17
VisualStudioVersion = 17.14.36310.24 d17.14
MinimumVisualStudioVersion = 10.0.40219.1
Project("{FAE04EC0-301F-11D3-BF4B-00C04F79EFBC}") = "Transmitly.ChannelProvider.Firebase.Configuration", "src\Transmitly.ChannelProvider.Firebase.Configuration\Transmitly.ChannelProvider.Firebase.Configuration.csproj", "{7DB200E0-50DA-844A-7636-9003B7BAEB4D}"
EndProject
Global
	GlobalSection(SolutionConfigurationPlatforms) = preSolution
		Debug|Any CPU = Debug|Any CPU
		Release|Any CPU = Release|Any CPU
	EndGlobalSection
	GlobalSection(ProjectConfigurationPlatforms) = postSolution
		{7DB200E0-50DA-844A-7636-9003B7BAEB4D}.Debug|Any CPU.ActiveCfg = Debug|Any CPU
		{7DB200E0-50DA-844A-7636-9003B7BAEB4D}.Debug|Any CPU.Build.0 = Debug|Any CPU
		{7DB200E0-50DA-844A-7636-9003B7BAEB4D}.Release|Any CPU.ActiveCfg = Release|Any CPU
		{7DB200E0-50DA-844A-7636-9003B7BAEB4D}.Release|Any CPU.Build.0 = Release|Any CPU
	EndGlobalSection
	GlobalSection(SolutionProperties) = preSolution
		HideSolutionNode = FALSE
	EndGlobalSection
	GlobalSection(ExtensibilityGlobals) = postSolution
		SolutionGuid = {D10C2482-73AA-4714-BA97-874A8FD37763}
	EndGlobalSection
EndGlobal
